
Microsoft Visual Studio Solution File, Format Version 12.00
# Visual Studio Version 17
VisualStudioVersion = 17.5.33424.131
MinimumVisualStudioVersion = 10.0.40219.1
Project("{FAE04EC0-301F-11D3-BF4B-00C04F79EFBC}") = "olamundo", "olamundo.csproj", "{0D4EC9C6-EC2B-4931-93D0-A57219CA7B0C}"
EndProject
Global
	GlobalSection(SolutionConfigurationPlatforms) = preSolution
		Debug|Any CPU = Debug|Any CPU
		Release|Any CPU = Release|Any CPU
	EndGlobalSection
	GlobalSection(ProjectConfigurationPlatforms) = postSolution
		{0D4EC9C6-EC2B-4931-93D0-A57219CA7B0C}.Debug|Any CPU.ActiveCfg = Debug|Any CPU
		{0D4EC9C6-EC2B-4931-93D0-A57219CA7B0C}.Debug|Any CPU.Build.0 = Debug|Any CPU
		{0D4EC9C6-EC2B-4931-93D0-A57219CA7B0C}.Release|Any CPU.ActiveCfg = Release|Any CPU
		{0D4EC9C6-EC2B-4931-93D0-A57219CA7B0C}.Release|Any CPU.Build.0 = Release|Any CPU
	EndGlobalSection
	GlobalSection(SolutionProperties) = preSolution
		HideSolutionNode = FALSE
	EndGlobalSection
	GlobalSection(ExtensibilityGlobals) = postSolution
		SolutionGuid = {6BDCEEFC-0B24-48A6-A86F-EAD088A4CD5E}
	EndGlobalSection
EndGlobal
